{
  "version": "4",
  "specifiers": {
    "jsr:@denosaurs/plug@1": "1.0.5",
    "jsr:@denosaurs/plug@1.0.5": "1.0.5",
    "jsr:@divy/sdl2@0.13": "0.13.0",
    "jsr:@gfx/canvas@0.5.6": "0.5.6",
    "jsr:@loading/taffy@0.1.2": "0.1.2",
    "jsr:@std/assert@0.214": "0.214.0",
    "jsr:@std/assert@0.217": "0.217.0",
    "jsr:@std/encoding@0.214": "0.214.0",
    "jsr:@std/encoding@0.217.0": "0.217.0",
    "jsr:@std/fmt@0.214": "0.214.0",
    "jsr:@std/fs@0.214": "0.214.0",
    "jsr:@std/fs@0.217.0": "0.217.0",
    "jsr:@std/path@0.214": "0.214.0",
    "jsr:@std/path@0.217": "0.217.0",
    "jsr:@std/path@0.217.0": "0.217.0",
    "npm:@types/node@*": "18.16.19",
    "npm:jimp@*": "0.22.10_@jimp+custom@0.22.10",
    "npm:open@*": "10.1.0",
    "npm:spotify-api.js@*": "9.2.5"
  },
  "jsr": {
    "@denosaurs/plug@1.0.5": {
      "integrity": "04cd988da558adc226202d88c3a434d5fcc08146eaf4baf0cea0c2284b16d2bf",
      "dependencies": [
        "jsr:@std/encoding@0.214",
        "jsr:@std/fmt",
        "jsr:@std/fs@0.214",
        "jsr:@std/path@0.214"
      ]
    },
    "@divy/sdl2@0.13.0": {
      "integrity": "451562a6eea59ddf4dc7bec973974343b706c6c2b4f71007a0e00c78c748ce7e"
    },
    "@gfx/canvas@0.5.6": {
      "integrity": "4f34b91daca182fb422e308692a5fa54c2f638d2e46c587a3974c1f9233407d1",
      "dependencies": [
        "jsr:@denosaurs/plug@1",
        "jsr:@denosaurs/plug@1.0.5",
        "jsr:@std/encoding@0.217.0",
        "jsr:@std/fs@0.217.0",
        "jsr:@std/path@0.217.0"
      ]
    },
    "@loading/taffy@0.1.2": {
      "integrity": "e3102b2b8931730691bc434701d0bca92f38177342c3e9e21f09468b3eff1c11"
    },
    "@std/assert@0.214.0": {
      "integrity": "55d398de76a9828fd3b1aa653f4dba3eee4c6985d90c514865d2be9bd082b140"
    },
    "@std/assert@0.217.0": {
      "integrity": "c98e279362ca6982d5285c3b89517b757c1e3477ee9f14eb2fdf80a45aaa9642"
    },
    "@std/encoding@0.214.0": {
      "integrity": "30a8713e1db22986c7e780555ffd2fefd1d4f9374d734bb41f5970f6c3352af5"
    },
    "@std/encoding@0.217.0": {
      "integrity": "b03e8ff94c98d6b6a02c02c5cf8e5d203400155516248964fc4559abc04669dc"
    },
    "@std/fmt@0.214.0": {
      "integrity": "40382cff88a0783b347b4d69b94cf931ab8e549a733916718cb866c08efac4d4"
    },
    "@std/fs@0.214.0": {
      "integrity": "bc880fea0be120cb1550b1ed7faf92fe071003d83f2456a1e129b39193d85bea",
      "dependencies": [
        "jsr:@std/assert@0.214",
        "jsr:@std/path@0.214"
      ]
    },
    "@std/fs@0.217.0": {
      "integrity": "0bfff5f3618d68c385b28b4ffbf3a15c98293a0f1186444458b62e0111ce77b2",
      "dependencies": [
        "jsr:@std/assert@0.217",
        "jsr:@std/path@0.217"
      ]
    },
    "@std/path@0.214.0": {
      "integrity": "d5577c0b8d66f7e8e3586d864ebdf178bb326145a3611da5a51c961740300285",
      "dependencies": [
        "jsr:@std/assert@0.214"
      ]
    },
    "@std/path@0.217.0": {
      "integrity": "1217cc25534bca9a2f672d7fe7c6f356e4027df400c0e85c0ef3e4343bc67d11",
      "dependencies": [
        "jsr:@std/assert@0.217"
      ]
    }
  },
  "npm": {
    "@jimp/bmp@0.22.10_@jimp+custom@0.22.10": {
      "integrity": "sha512-1UXRl1Nw1KptZ1r0ANqtXOst9vGH51dq7keVKQzyyTO2lz4dOaezS9StuSTNh+RmiHg/SVPaFRpPfB0S/ln4Kg==",
      "dependencies": [
        "@jimp/custom",
        "@jimp/utils",
        "bmp-js"
      ]
    },
    "@jimp/core@0.22.10": {
      "integrity": "sha512-ZKyrehVy6wu1PnBXIUpn/fXmyMRQiVSbvHDubgXz4bfTOao3GiOurKHjByutQIgozuAN6ZHWiSge1dKA+dex3w==",
      "dependencies": [
        "@jimp/utils",
        "any-base",
        "buffer",
        "exif-parser",
        "file-type",
        "isomorphic-fetch",
        "pixelmatch",
        "tinycolor2"
      ]
    },
    "@jimp/custom@0.22.10": {
      "integrity": "sha512-sPZkUYe1hu0iIgNisjizxPJqq2vaaKvkCkPoXq2U6UV3ZA1si/WVdrg25da3IcGIEV+83AoHgM8TvqlLgrCJsg==",
      "dependencies": [
        "@jimp/core"
      ]
    },
    "@jimp/gif@0.22.10_@jimp+custom@0.22.10": {
      "integrity": "sha512-yEX2dSpamvkSx1PPDWGnKeWDrBz0vrCKjVG/cn4Zr68MRRT75tbZIeOrBa+RiUpY3ho5ix7d36LkYvt3qfUIhQ==",
      "dependencies": [
        "@jimp/custom",
        "@jimp/utils",
        "gifwrap",
        "omggif"
      ]
    },
    "@jimp/jpeg@0.22.10_@jimp+custom@0.22.10": {
      "integrity": "sha512-6bu98pAcVN4DY2oiDLC4TOgieX/lZrLd1tombWZOFCN5PBmqaHQxm7IUmT+Wj4faEvh8QSHgVLSA+2JQQRJWVA==",
      "dependencies": [
        "@jimp/custom",
        "@jimp/utils",
        "jpeg-js"
      ]
    },
    "@jimp/plugin-blit@0.22.10_@jimp+custom@0.22.10": {
      "integrity": "sha512-6EI8Sl+mxYHEIy6Yteh6eknD+EZguKpNdr3sCKxNezmLR0+vK99vHcllo6uGSjXXiwtwS67Xqxn8SsoatL+UJQ==",
      "dependencies": [
        "@jimp/custom",
        "@jimp/utils"
      ]
    },
    "@jimp/plugin-blur@0.22.10_@jimp+custom@0.22.10": {
      "integrity": "sha512-4XRTWuPVdMXJeclJMisXPGizeHtTryVaVV5HnuQXpKqIZtzXReCCpNGH8q/i0kBQOQMXhGWS3mpqOEwtpPePKw==",
      "dependencies": [
        "@jimp/custom",
        "@jimp/utils"
      ]
    },
    "@jimp/plugin-circle@0.22.10_@jimp+custom@0.22.10": {
      "integrity": "sha512-mhcwTO1ywRxiCgtLGge6tDDIDPlX6qkI3CY+BjgGG/XhVHccCddXgOGLdlf+5OuKIEF2Nqs0V01LQEQIJFTmEw==",
      "dependencies": [
        "@jimp/custom",
        "@jimp/utils"
      ]
    },
    "@jimp/plugin-color@0.22.10_@jimp+custom@0.22.10": {
      "integrity": "sha512-e4t3L7Kedd96E0x1XjsTM6NcgulKUU66HdFTao7Tc9FYJRFSlttARZ/C6LEryGDm/i69R6bJEpo7BkNz0YL55Q==",
      "dependencies": [
        "@jimp/custom",
        "@jimp/utils",
        "tinycolor2"
      ]
    },
    "@jimp/plugin-contain@0.22.10_@jimp+custom@0.22.10_@jimp+plugin-blit@0.22.10__@jimp+custom@0.22.10_@jimp+plugin-resize@0.22.10__@jimp+custom@0.22.10_@jimp+plugin-scale@0.22.10__@jimp+custom@0.22.10__@jimp+plugin-resize@0.22.10___@jimp+custom@0.22.10": {
      "integrity": "sha512-eP8KrzctuEoqibQAxi9WhbnoRosydhiwg+IYya3dKuKDBTrD9UHt+ERlPQ/lTNWHzV/l4S1ntV3r9s9saJgsXA==",
      "dependencies": [
        "@jimp/custom",
        "@jimp/plugin-blit",
        "@jimp/plugin-resize",
        "@jimp/plugin-scale",
        "@jimp/utils"
      ]
    },
    "@jimp/plugin-cover@0.22.10_@jimp+custom@0.22.10_@jimp+plugin-crop@0.22.10__@jimp+custom@0.22.10_@jimp+plugin-resize@0.22.10__@jimp+custom@0.22.10_@jimp+plugin-scale@0.22.10__@jimp+custom@0.22.10__@jimp+plugin-resize@0.22.10___@jimp+custom@0.22.10": {
      "integrity": "sha512-kJCwL5T1igfa0InCfkE7bBeqg26m46aoRt10ug+rvm11P6RrvRMGrgINFyIKB+mnB7CiyBN/MOula1CvLhSInQ==",
      "dependencies": [
        "@jimp/custom",
        "@jimp/plugin-crop",
        "@jimp/plugin-resize",
        "@jimp/plugin-scale",
        "@jimp/utils"
      ]
    },
    "@jimp/plugin-crop@0.22.10_@jimp+custom@0.22.10": {
      "integrity": "sha512-BOZ+YGaZlhU7c5ye65RxikicXH0Ki0It6/XHISvipR5WZrfjLjL2Ke20G+AGnwBQc76gKenVcMXVUCnEjtZV+Q==",
      "dependencies": [
        "@jimp/custom",
        "@jimp/utils"
      ]
    },
    "@jimp/plugin-displace@0.22.10_@jimp+custom@0.22.10": {
      "integrity": "sha512-llNiWWMTKISDXt5+cXI0GaFmZWAjlT+4fFLYf4eXquuL/9wZoQsEBhv2GdGd48mkiS8jZq1Nnb2Q4ehEPTvrzw==",
      "dependencies": [
        "@jimp/custom",
        "@jimp/utils"
      ]
    },
    "@jimp/plugin-dither@0.22.10_@jimp+custom@0.22.10": {
      "integrity": "sha512-05WLmeV5M+P/0FS+bWf13hMew2X0oa8w9AtmevL2UyA/5GqiyvP2Xm5WfGQ8oFiiMvpnL6RFomJQOZtWca0C2w==",
      "dependencies": [
        "@jimp/custom",
        "@jimp/utils"
      ]
    },
    "@jimp/plugin-fisheye@0.22.10_@jimp+custom@0.22.10": {
      "integrity": "sha512-InjiXvc7Gkzrx8VWtU97kDqV7ENnhHGPULymJWeZaF2aicud9Fpk4iCtd/DcZIrk7Cbe60A8RwNXN00HXIbSCg==",
      "dependencies": [
        "@jimp/custom",
        "@jimp/utils"
      ]
    },
    "@jimp/plugin-flip@0.22.10_@jimp+custom@0.22.10_@jimp+plugin-rotate@0.22.10__@jimp+custom@0.22.10__@jimp+plugin-blit@0.22.10___@jimp+custom@0.22.10__@jimp+plugin-crop@0.22.10___@jimp+custom@0.22.10__@jimp+plugin-resize@0.22.10___@jimp+custom@0.22.10_@jimp+plugin-blit@0.22.10__@jimp+custom@0.22.10_@jimp+plugin-crop@0.22.10__@jimp+custom@0.22.10_@jimp+plugin-resize@0.22.10__@jimp+custom@0.22.10": {
      "integrity": "sha512-42GkGtTHWnhnwTMPVK/kXObZbkYIpQWfuIfy5EMEMk6zRj05zpv4vsjkKWfuemweZINwfvD7wDJF7FVFNNcZZg==",
      "dependencies": [
        "@jimp/custom",
        "@jimp/plugin-rotate",
        "@jimp/utils"
      ]
    },
    "@jimp/plugin-gaussian@0.22.10_@jimp+custom@0.22.10": {
      "integrity": "sha512-ykrG/6lTp9Q5YA8jS5XzwMHtRxb9HOFMgtmnrUZ8kU+BK8REecfy9Ic5BUEOjCYvS1a/xLsnrZQU07iiYxBxFg==",
      "dependencies": [
        "@jimp/custom",
        "@jimp/utils"
      ]
    },
    "@jimp/plugin-invert@0.22.10_@jimp+custom@0.22.10": {
      "integrity": "sha512-d8j9BlUJYs/c994t4azUWSWmQq4LLPG4ecm8m6SSNqap+S/HlVQGqjYhJEBbY9EXkOTYB9vBL9bqwSM1Rr6paA==",
      "dependencies": [
        "@jimp/custom",
        "@jimp/utils"
      ]
    },
    "@jimp/plugin-mask@0.22.10_@jimp+custom@0.22.10": {
      "integrity": "sha512-yRBs1230XZkz24uFTdTcSlZ0HXZpIWzM3iFQN56MzZ7USgdVZjPPDCQ8I9RpqfZ36nDflQkUO0wV7ucsi4ogow==",
      "dependencies": [
        "@jimp/custom",
        "@jimp/utils"
      ]
    },
    "@jimp/plugin-normalize@0.22.10_@jimp+custom@0.22.10": {
      "integrity": "sha512-Wk9GX6eJMchX/ZAazVa70Fagu+OXMvHiPY+HrcEwcclL+p1wo8xAHEsf9iKno7Ja4EU9lLhbBRY5hYJyiKMEkg==",
      "dependencies": [
        "@jimp/custom",
        "@jimp/utils"
      ]
    },
    "@jimp/plugin-print@0.22.10_@jimp+custom@0.22.10_@jimp+plugin-blit@0.22.10__@jimp+custom@0.22.10": {
      "integrity": "sha512-1U3VloIR+beE1kWPdGEJMiE2h1Do29iv3w8sBbvPyRP4qXxRFcDpmCGtctsrKmb1krlBFlj8ubyAY90xL+5n9w==",
      "dependencies": [
        "@jimp/custom",
        "@jimp/plugin-blit",
        "@jimp/utils",
        "load-bmfont"
      ]
    },
    "@jimp/plugin-resize@0.22.10_@jimp+custom@0.22.10": {
      "integrity": "sha512-ixomxVcnAONXDgaq0opvAx4UAOiEhOA/tipuhFFOvPKFd4yf1BAnEviB5maB0SBHHkJXPUSzDp/73xVTMGSe7g==",
      "dependencies": [
        "@jimp/custom",
        "@jimp/utils"
      ]
    },
    "@jimp/plugin-rotate@0.22.10_@jimp+custom@0.22.10_@jimp+plugin-blit@0.22.10__@jimp+custom@0.22.10_@jimp+plugin-crop@0.22.10__@jimp+custom@0.22.10_@jimp+plugin-resize@0.22.10__@jimp+custom@0.22.10": {
      "integrity": "sha512-eeFX8dnRyf3LAdsdXWKWuN18hLRg8zy1cP0cP9rHzQVWRK7ck/QsLxK1vHq7MADGwQalNaNTJ9SQxH6c8mz6jw==",
      "dependencies": [
        "@jimp/custom",
        "@jimp/plugin-blit",
        "@jimp/plugin-crop",
        "@jimp/plugin-resize",
        "@jimp/utils"
      ]
    },
    "@jimp/plugin-scale@0.22.10_@jimp+custom@0.22.10_@jimp+plugin-resize@0.22.10__@jimp+custom@0.22.10": {
      "integrity": "sha512-TG/H0oUN69C9ArBCZg4PmuoixFVKIiru8282KzSB/Tp1I0xwX0XLTv3dJ5pobPlIgPcB+TmD4xAIdkCT4rtWxg==",
      "dependencies": [
        "@jimp/custom",
        "@jimp/plugin-resize",
        "@jimp/utils"
      ]
    },
    "@jimp/plugin-shadow@0.22.10_@jimp+custom@0.22.10_@jimp+plugin-blur@0.22.10__@jimp+custom@0.22.10_@jimp+plugin-resize@0.22.10__@jimp+custom@0.22.10": {
      "integrity": "sha512-TN9xm6fI7XfxbMUQqFPZjv59Xdpf0tSiAQdINB4g6pJMWiVANR/74OtDONoy3KKpenu5Y38s+FkrtID/KcQAhw==",
      "dependencies": [
        "@jimp/custom",
        "@jimp/plugin-blur",
        "@jimp/plugin-resize",
        "@jimp/utils"
      ]
    },
    "@jimp/plugin-threshold@0.22.10_@jimp+custom@0.22.10_@jimp+plugin-color@0.22.10__@jimp+custom@0.22.10_@jimp+plugin-resize@0.22.10__@jimp+custom@0.22.10": {
      "integrity": "sha512-DA2lSnU0TgIRbAgmXaxroYw3Ad6J2DOFEoJp0NleSm2h3GWbZEE5yW9U2B6hD3iqn4AenG4E2b2WzHXZyzSutw==",
      "dependencies": [
        "@jimp/custom",
        "@jimp/plugin-color",
        "@jimp/plugin-resize",
        "@jimp/utils"
      ]
    },
    "@jimp/plugins@0.22.10_@jimp+custom@0.22.10_@jimp+plugin-blit@0.22.10__@jimp+custom@0.22.10_@jimp+plugin-resize@0.22.10__@jimp+custom@0.22.10_@jimp+plugin-scale@0.22.10__@jimp+custom@0.22.10__@jimp+plugin-resize@0.22.10___@jimp+custom@0.22.10_@jimp+plugin-crop@0.22.10__@jimp+custom@0.22.10_@jimp+plugin-rotate@0.22.10__@jimp+custom@0.22.10__@jimp+plugin-blit@0.22.10___@jimp+custom@0.22.10__@jimp+plugin-crop@0.22.10___@jimp+custom@0.22.10__@jimp+plugin-resize@0.22.10___@jimp+custom@0.22.10_@jimp+plugin-blur@0.22.10__@jimp+custom@0.22.10_@jimp+plugin-color@0.22.10__@jimp+custom@0.22.10": {
      "integrity": "sha512-KDMZyM6pmvS8freB+UBLko1TO/k4D7URS/nphCozuH+P7i3UMe7NdckXKJ8u+WD6sqN0YFYvBehpkpnUiw/91w==",
      "dependencies": [
        "@jimp/custom",
        "@jimp/plugin-blit",
        "@jimp/plugin-blur",
        "@jimp/plugin-circle",
        "@jimp/plugin-color",
        "@jimp/plugin-contain",
        "@jimp/plugin-cover",
        "@jimp/plugin-crop",
        "@jimp/plugin-displace",
        "@jimp/plugin-dither",
        "@jimp/plugin-fisheye",
        "@jimp/plugin-flip",
        "@jimp/plugin-gaussian",
        "@jimp/plugin-invert",
        "@jimp/plugin-mask",
        "@jimp/plugin-normalize",
        "@jimp/plugin-print",
        "@jimp/plugin-resize",
        "@jimp/plugin-rotate",
        "@jimp/plugin-scale",
        "@jimp/plugin-shadow",
        "@jimp/plugin-threshold",
        "timm"
      ]
    },
    "@jimp/png@0.22.10_@jimp+custom@0.22.10": {
      "integrity": "sha512-RYinU7tZToeeR2g2qAMn42AU+8OUHjXPKZZ9RkmoL4bguA1xyZWaSdr22/FBkmnHhOERRlr02KPDN1OTOYHLDQ==",
      "dependencies": [
        "@jimp/custom",
        "@jimp/utils",
        "pngjs@6.0.0"
      ]
    },
    "@jimp/tiff@0.22.10_@jimp+custom@0.22.10": {
      "integrity": "sha512-OaivlSYzpNTHyH/h7pEtl3A7F7TbsgytZs52GLX/xITW92ffgDgT6PkldIrMrET6ERh/hdijNQiew7IoEEr2og==",
      "dependencies": [
        "@jimp/custom",
        "utif2"
      ]
    },
    "@jimp/types@0.22.10_@jimp+custom@0.22.10": {
      "integrity": "sha512-u/r+XYzbCx4zZukDmxx8S0er3Yq3iDPI6+31WKX0N18i2qPPJYcn8qwIFurfupRumGvJ8SlGLCgt/T+Y8zzUIw==",
      "dependencies": [
        "@jimp/bmp",
        "@jimp/custom",
        "@jimp/gif",
        "@jimp/jpeg",
        "@jimp/png",
        "@jimp/tiff",
        "timm"
      ]
    },
    "@jimp/utils@0.22.10": {
      "integrity": "sha512-ztlOK9Mm2iLG2AMoabzM4i3WZ/FtshcgsJCbZCRUs/DKoeS2tySRJTnQZ1b7Roq0M4Ce+FUAxnCAcBV0q7PH9w==",
      "dependencies": [
        "regenerator-runtime"
      ]
    },
    "@tokenizer/token@0.3.0": {
      "integrity": "sha512-OvjF+z51L3ov0OyAU0duzsYuvO01PH7x4t6DJx+guahgTnBHkhJdG7soQeTSFLWN3efnHyibZ4Z8l2EuWwJN3A=="
    },
    "@types/node@16.9.1": {
      "integrity": "sha512-QpLcX9ZSsq3YYUUnD3nFDY8H7wctAhQj/TFKL8Ya8v5fMm3CFXxo8zStsLAl780ltoYoo1WvKUVGBQK+1ifr7g=="
    },
    "@types/node@18.16.19": {
      "integrity": "sha512-IXl7o+R9iti9eBW4Wg2hx1xQDig183jj7YLn8F7udNceyfkbn1ZxmzZXuak20gR40D7pIkIY1kYGx5VIGbaHKA=="
    },
    "any-base@1.1.0": {
      "integrity": "sha512-uMgjozySS8adZZYePpaWs8cxB9/kdzmpX6SgJZ+wbz1K5eYk5QMYDVJaZKhxyIHUdnnJkfR7SVgStgH7LkGUyg=="
    },
    "asynckit@0.4.0": {
      "integrity": "sha512-Oei9OH4tRh0YqU3GxhX79dM/mwVgvbZJaSNaRk+bshkj0S5cfHcgYakreBjrHwatXKbz+IoIdYLxrKim2MjW0Q=="
    },
    "axios@1.7.2": {
      "integrity": "sha512-2A8QhOMrbomlDuiLeK9XibIBzuHeRcqqNOHp0Cyp5EoJ1IFDh+XZH3A6BkXtv0K4gFGCI0Y4BM7B1wOEi0Rmgw==",
      "dependencies": [
        "follow-redirects",
        "form-data",
        "proxy-from-env"
      ]
    },
    "base64-js@1.5.1": {
      "integrity": "sha512-AKpaYlHn8t4SVbOHCy+b5+KKgvR4vrsD8vbvrbiQJps7fKDTkjkDry6ji0rUJjC0kzbNePLwzxq8iypo41qeWA=="
    },
    "bmp-js@0.1.0": {
      "integrity": "sha512-vHdS19CnY3hwiNdkaqk93DvjVLfbEcI8mys4UjuWrlX1haDmroo8o4xCzh4wD6DGV6HxRCyauwhHRqMTfERtjw=="
    },
    "buffer-equal@0.0.1": {
      "integrity": "sha512-RgSV6InVQ9ODPdLWJ5UAqBqJBOg370Nz6ZQtRzpt6nUjc8v0St97uJ4PYC6NztqIScrAXafKM3mZPMygSe1ggA=="
    },
    "buffer@5.7.1": {
      "integrity": "sha512-EHcyIPBQ4BSGlvjB16k5KgAJ27CIsHY/2JBmCRReo48y9rQ3MaUzWX3KVlBa4U7MyX02HdVj0K7C3WaB3ju7FQ==",
      "dependencies": [
        "base64-js",
        "ieee754"
      ]
    },
    "bundle-name@4.1.0": {
      "integrity": "sha512-tjwM5exMg6BGRI+kNmTntNsvdZS1X8BFYS6tnJ2hdH0kVxM6/eVZ2xy+FqStSWvYmtfFMDLIxurorHwDKfDz5Q==",
      "dependencies": [
        "run-applescript"
      ]
    },
    "combined-stream@1.0.8": {
      "integrity": "sha512-FQN4MRfuJeHf7cBbBMJFXhKSDq+2kAArBlmRBvcvFE5BB1HZKXtSFASDhdlz9zOYwxh8lDdnvmMOe/+5cdoEdg==",
      "dependencies": [
        "delayed-stream"
      ]
    },
    "default-browser-id@5.0.0": {
      "integrity": "sha512-A6p/pu/6fyBcA1TRz/GqWYPViplrftcW2gZC9q79ngNCKAeR/X3gcEdXQHl4KNXV+3wgIJ1CPkJQ3IHM6lcsyA=="
    },
    "default-browser@5.2.1": {
      "integrity": "sha512-WY/3TUME0x3KPYdRRxEJJvXRHV4PyPoUsxtZa78lwItwRQRHhd2U9xOscaT/YTf8uCXIAjeJOFBVEh/7FtD8Xg==",
      "dependencies": [
        "bundle-name",
        "default-browser-id"
      ]
    },
    "define-lazy-prop@3.0.0": {
      "integrity": "sha512-N+MeXYoqr3pOgn8xfyRPREN7gHakLYjhsHhWGT3fWAiL4IkAt0iDw14QiiEm2bE30c5XX5q0FtAA3CK5f9/BUg=="
    },
    "delayed-stream@1.0.0": {
      "integrity": "sha512-ZySD7Nf91aLB0RxL4KGrKHBXl7Eds1DAmEdcoVawXnLD7SDhpNgtuII2aAkg7a7QS41jxPSZ17p4VdGnMHk3MQ=="
    },
    "dom-walk@0.1.2": {
      "integrity": "sha512-6QvTW9mrGeIegrFXdtQi9pk7O/nSK6lSdXW2eqUspN5LWD7UTji2Fqw5V2YLjBpHEoU9Xl/eUWNpDeZvoyOv2w=="
    },
    "exif-parser@0.1.12": {
      "integrity": "sha512-c2bQfLNbMzLPmzQuOr8fy0csy84WmwnER81W88DzTp9CYNPJ6yzOj2EZAh9pywYpqHnshVLHQJ8WzldAyfY+Iw=="
    },
    "file-type@16.5.4": {
      "integrity": "sha512-/yFHK0aGjFEgDJjEKP0pWCplsPFPhwyfwevf/pVxiN0tmE4L9LmwWxWukdJSHdoCli4VgQLehjJtwQBnqmsKcw==",
      "dependencies": [
        "readable-web-to-node-stream",
        "strtok3",
        "token-types"
      ]
    },
    "follow-redirects@1.15.6": {
      "integrity": "sha512-wWN62YITEaOpSK584EZXJafH1AGpO8RVgElfkuXbTOrPX4fIfOyEpW/CsiNd8JdYrAoOvafRTOEnvsO++qCqFA=="
    },
    "form-data@4.0.0": {
      "integrity": "sha512-ETEklSGi5t0QMZuiXoA/Q6vcnxcLQP5vdugSpuAyi6SVGi2clPPp+xgEhuMaHC+zGgn31Kd235W35f7Hykkaww==",
      "dependencies": [
        "asynckit",
        "combined-stream",
        "mime-types"
      ]
    },
    "gifwrap@0.10.1": {
      "integrity": "sha512-2760b1vpJHNmLzZ/ubTtNnEx5WApN/PYWJvXvgS+tL1egTTthayFYIQQNi136FLEDcN/IyEY2EcGpIITD6eYUw==",
      "dependencies": [
        "image-q",
        "omggif"
      ]
    },
    "global@4.4.0": {
      "integrity": "sha512-wv/LAoHdRE3BeTGz53FAamhGlPLhlssK45usmGFThIi4XqnBmjKQ16u+RNbP7WvigRZDxUsM0J3gcQ5yicaL0w==",
      "dependencies": [
        "min-document",
        "process"
      ]
    },
    "ieee754@1.2.1": {
      "integrity": "sha512-dcyqhDvX1C46lXZcVqCpK+FtMRQVdIMN6/Df5js2zouUsqG7I6sFxitIC+7KYK29KdXOLHdu9zL4sFnoVQnqaA=="
    },
    "image-q@4.0.0": {
      "integrity": "sha512-PfJGVgIfKQJuq3s0tTDOKtztksibuUEbJQIYT3by6wctQo+Rdlh7ef4evJ5NCdxY4CfMbvFkocEwbl4BF8RlJw==",
      "dependencies": [
        "@types/node@16.9.1"
      ]
    },
    "inherits@2.0.4": {
      "integrity": "sha512-k/vGaX4/Yla3WzyMCvTQOXYeIHvqOKtnqBduzTHpzpQZzAskKMhZ2K+EnBiSM9zGSoIFeMpXKxa4dYeZIQqewQ=="
    },
    "is-docker@3.0.0": {
      "integrity": "sha512-eljcgEDlEns/7AXFosB5K/2nCM4P7FQPkGc/DWLy5rmFEWvZayGrik1d9/QIY5nJ4f9YsVvBkA6kJpHn9rISdQ=="
    },
    "is-function@1.0.2": {
      "integrity": "sha512-lw7DUp0aWXYg+CBCN+JKkcE0Q2RayZnSvnZBlwgxHBQhqt5pZNVy4Ri7H9GmmXkdu7LUthszM+Tor1u/2iBcpQ=="
    },
    "is-inside-container@1.0.0": {
      "integrity": "sha512-KIYLCCJghfHZxqjYBE7rEy0OBuTd5xCHS7tHVgvCLkx7StIoaxwNW3hCALgEUjFfeRk+MG/Qxmp/vtETEF3tRA==",
      "dependencies": [
        "is-docker"
      ]
    },
    "is-wsl@3.1.0": {
      "integrity": "sha512-UcVfVfaK4Sc4m7X3dUSoHoozQGBEFeDC+zVo06t98xe8CzHSZZBekNXH+tu0NalHolcJ/QAGqS46Hef7QXBIMw==",
      "dependencies": [
        "is-inside-container"
      ]
    },
    "isomorphic-fetch@3.0.0": {
      "integrity": "sha512-qvUtwJ3j6qwsF3jLxkZ72qCgjMysPzDfeV240JHiGZsANBYd+EEuu35v7dfrJ9Up0Ak07D7GGSkGhCHTqg/5wA==",
      "dependencies": [
        "node-fetch",
        "whatwg-fetch"
      ]
    },
    "jimp@0.22.10_@jimp+custom@0.22.10": {
      "integrity": "sha512-lCaHIJAgTOsplyJzC1w/laxSxrbSsEBw4byKwXgUdMmh+ayPsnidTblenQm+IvhIs44Gcuvlb6pd2LQ0wcKaKg==",
      "dependencies": [
        "@jimp/custom",
        "@jimp/plugins",
        "@jimp/types",
        "regenerator-runtime"
      ]
    },
    "jpeg-js@0.4.4": {
      "integrity": "sha512-WZzeDOEtTOBK4Mdsar0IqEU5sMr3vSV2RqkAIzUEV2BHnUfKGyswWFPFwK5EeDo93K3FohSHbLAjj0s1Wzd+dg=="
    },
    "load-bmfont@1.4.1": {
      "integrity": "sha512-8UyQoYmdRDy81Brz6aLAUhfZLwr5zV0L3taTQ4hju7m6biuwiWiJXjPhBJxbUQJA8PrkvJ/7Enqmwk2sM14soA==",
      "dependencies": [
        "buffer-equal",
        "mime",
        "parse-bmfont-ascii",
        "parse-bmfont-binary",
        "parse-bmfont-xml",
        "phin",
        "xhr",
        "xtend"
      ]
    },
    "mime-db@1.52.0": {
      "integrity": "sha512-sPU4uV7dYlvtWJxwwxHD0PuihVNiE7TyAbQ5SWxDCB9mUYvOgroQOwYQQOKPJ8CIbE+1ETVlOoK1UC2nU3gYvg=="
    },
    "mime-types@2.1.35": {
      "integrity": "sha512-ZDY+bPm5zTTF+YpCrAU9nK0UgICYPT0QtT1NZWFv4s++TNkcgVaT0g6+4R2uI4MjQjzysHB1zxuWL50hzaeXiw==",
      "dependencies": [
        "mime-db"
      ]
    },
    "mime@1.6.0": {
      "integrity": "sha512-x0Vn8spI+wuJ1O6S7gnbaQg8Pxh4NNHb7KSINmEWKiPE4RKOplvijn+NkmYmmRgP68mc70j2EbeTFRsrswaQeg=="
    },
    "min-document@2.19.0": {
      "integrity": "sha512-9Wy1B3m3f66bPPmU5hdA4DR4PB2OfDU/+GS3yAB7IQozE3tqXaVv2zOjgla7MEGSRv95+ILmOuvhLkOK6wJtCQ==",
      "dependencies": [
        "dom-walk"
      ]
    },
    "node-fetch@2.7.0": {
      "integrity": "sha512-c4FRfUm/dbcWZ7U+1Wq0AwCyFL+3nt2bEw05wfxSz+DWpWsitgmSgYmy2dQdWyKC1694ELPqMs/YzUSNozLt8A==",
      "dependencies": [
        "whatwg-url"
      ]
    },
    "omggif@1.0.10": {
      "integrity": "sha512-LMJTtvgc/nugXj0Vcrrs68Mn2D1r0zf630VNtqtpI1FEO7e+O9FP4gqs9AcnBaSEeoHIPm28u6qgPR0oyEpGSw=="
    },
    "open@10.1.0": {
      "integrity": "sha512-mnkeQ1qP5Ue2wd+aivTD3NHd/lZ96Lu0jgf0pwktLPtx6cTZiH7tyeGRRHs0zX0rbrahXPnXlUnbeXyaBBuIaw==",
      "dependencies": [
        "default-browser",
        "define-lazy-prop",
        "is-inside-container",
        "is-wsl"
      ]
    },
    "pako@1.0.11": {
      "integrity": "sha512-4hLB8Py4zZce5s4yd9XzopqwVv/yGNhV1Bl8NTmCq1763HeK2+EwVTv+leGeL13Dnh2wfbqowVPXCIO0z4taYw=="
    },
    "parse-bmfont-ascii@1.0.6": {
      "integrity": "sha512-U4RrVsUFCleIOBsIGYOMKjn9PavsGOXxbvYGtMOEfnId0SVNsgehXh1DxUdVPLoxd5mvcEtvmKs2Mmf0Mpa1ZA=="
    },
    "parse-bmfont-binary@1.0.6": {
      "integrity": "sha512-GxmsRea0wdGdYthjuUeWTMWPqm2+FAd4GI8vCvhgJsFnoGhTrLhXDDupwTo7rXVAgaLIGoVHDZS9p/5XbSqeWA=="
    },
    "parse-bmfont-xml@1.1.4": {
      "integrity": "sha512-bjnliEOmGv3y1aMEfREMBJ9tfL3WR0i0CKPj61DnSLaoxWR3nLrsQrEbCId/8rF4NyRF0cCqisSVXyQYWM+mCQ==",
      "dependencies": [
        "xml-parse-from-string",
        "xml2js"
      ]
    },
    "parse-headers@2.0.5": {
      "integrity": "sha512-ft3iAoLOB/MlwbNXgzy43SWGP6sQki2jQvAyBg/zDFAgr9bfNWZIUj42Kw2eJIl8kEi4PbgE6U1Zau/HwI75HA=="
    },
    "peek-readable@4.1.0": {
      "integrity": "sha512-ZI3LnwUv5nOGbQzD9c2iDG6toheuXSZP5esSHBjopsXH4dg19soufvpUGA3uohi5anFtGb2lhAVdHzH6R/Evvg=="
    },
    "phin@2.9.3": {
      "integrity": "sha512-CzFr90qM24ju5f88quFC/6qohjC144rehe5n6DH900lgXmUe86+xCKc10ev56gRKC4/BkHUoG4uSiQgBiIXwDA=="
    },
    "pixelmatch@4.0.2": {
      "integrity": "sha512-J8B6xqiO37sU/gkcMglv6h5Jbd9xNER7aHzpfRdNmV4IbQBzBpe4l9XmbG+xPF/znacgu2jfEw+wHffaq/YkXA==",
      "dependencies": [
        "pngjs@3.4.0"
      ]
    },
    "pngjs@3.4.0": {
      "integrity": "sha512-NCrCHhWmnQklfH4MtJMRjZ2a8c80qXeMlQMv2uVp9ISJMTt562SbGd6n2oq0PaPgKm7Z6pL9E2UlLIhC+SHL3w=="
    },
    "pngjs@6.0.0": {
      "integrity": "sha512-TRzzuFRRmEoSW/p1KVAmiOgPco2Irlah+bGFCeNfJXxxYGwSw7YwAOAcd7X28K/m5bjBWKsC29KyoMfHbypayg=="
    },
    "process@0.11.10": {
      "integrity": "sha512-cdGef/drWFoydD1JsMzuFf8100nZl+GT+yacc2bEced5f9Rjk4z+WtFUTBu9PhOi9j/jfmBPu0mMEY4wIdAF8A=="
    },
    "proxy-from-env@1.1.0": {
      "integrity": "sha512-D+zkORCbA9f1tdWRK0RaCR3GPv50cMxcrz4X8k5LTSUD1Dkw47mKJEZQNunItRTkWwgtaUSo1RVFRIG9ZXiFYg=="
    },
    "readable-stream@3.6.2": {
      "integrity": "sha512-9u/sniCrY3D5WdsERHzHE4G2YCXqoG5FTHUiCC4SIbr6XcLZBY05ya9EKjYek9O5xOAwjGq+1JdGBAS7Q9ScoA==",
      "dependencies": [
        "inherits",
        "string_decoder",
        "util-deprecate"
      ]
    },
    "readable-web-to-node-stream@3.0.2": {
      "integrity": "sha512-ePeK6cc1EcKLEhJFt/AebMCLL+GgSKhuygrZ/GLaKZYEecIgIECf4UaUuaByiGtzckwR4ain9VzUh95T1exYGw==",
      "dependencies": [
        "readable-stream"
      ]
    },
    "regenerator-runtime@0.13.11": {
      "integrity": "sha512-kY1AZVr2Ra+t+piVaJ4gxaFaReZVH40AKNo7UCX6W+dEwBo/2oZJzqfuN1qLq1oL45o56cPaTXELwrTh8Fpggg=="
    },
    "run-applescript@7.0.0": {
      "integrity": "sha512-9by4Ij99JUr/MCFBUkDKLWK3G9HVXmabKz9U5MlIAIuvuzkiOicRYs8XJLxX+xahD+mLiiCYDqF9dKAgtzKP1A=="
    },
    "safe-buffer@5.2.1": {
      "integrity": "sha512-rp3So07KcdmmKbGvgaNxQSJr7bGVSVk5S9Eq1F+ppbRo70+YeaDxkw5Dd8NPN+GD6bjnYm2VuPuCXmpuYvmCXQ=="
    },
    "sax@1.4.1": {
      "integrity": "sha512-+aWOz7yVScEGoKNd4PA10LZ8sk0A/z5+nXQG5giUO5rprX9jgYsTdov9qCchZiPIZezbZH+jRut8nPodFAX4Jg=="
    },
    "spotify-api.js@9.2.5": {
      "integrity": "sha512-Q+196XA6zUDvqQ5mMNgPN4l5j8vDF18DVqlwFnn0TX0MqLfOhrKfoeMR5OYNhpa99LVjEvwNF/WPaTAy0MqBJQ==",
      "dependencies": [
        "axios",
        "spotify-types"
      ]
    },
    "spotify-types@1.0.7": {
      "integrity": "sha512-X2n0MYNUpgakGDU7h/vzTvqVJh2f8kAWE9SG5TkJtf3lJcorndK24/8/6+D7Uww8tqUD1VPHg5Lqv4usdVJUvg=="
    },
    "string_decoder@1.3.0": {
      "integrity": "sha512-hkRX8U1WjJFd8LsDJ2yQ/wWWxaopEsABU1XfkM8A+j0+85JAGppt16cr1Whg6KIbb4okU6Mql6BOj+uup/wKeA==",
      "dependencies": [
        "safe-buffer"
      ]
    },
    "strtok3@6.3.0": {
      "integrity": "sha512-fZtbhtvI9I48xDSywd/somNqgUHl2L2cstmXCCif0itOf96jeW18MBSyrLuNicYQVkvpOxkZtkzujiTJ9LW5Jw==",
      "dependencies": [
        "@tokenizer/token",
        "peek-readable"
      ]
    },
    "timm@1.7.1": {
      "integrity": "sha512-IjZc9KIotudix8bMaBW6QvMuq64BrJWFs1+4V0lXwWGQZwH+LnX87doAYhem4caOEusRP9/g6jVDQmZ8XOk1nw=="
    },
    "tinycolor2@1.6.0": {
      "integrity": "sha512-XPaBkWQJdsf3pLKJV9p4qN/S+fm2Oj8AIPo1BTUhg5oxkvm9+SVEGFdhyOz7tTdUTfvxMiAs4sp6/eZO2Ew+pw=="
    },
    "token-types@4.2.1": {
      "integrity": "sha512-6udB24Q737UD/SDsKAHI9FCRP7Bqc9D/MQUV02ORQg5iskjtLJlZJNdN4kKtcdtwCeWIwIHDGaUsTsCCAa8sFQ==",
      "dependencies": [
        "@tokenizer/token",
        "ieee754"
      ]
    },
    "tr46@0.0.3": {
      "integrity": "sha512-N3WMsuqV66lT30CrXNbEjx4GEwlow3v6rr4mCcv6prnfwhS01rkgyFdjPNBYd9br7LpXV1+Emh01fHnq2Gdgrw=="
    },
    "utif2@4.1.0": {
      "integrity": "sha512-+oknB9FHrJ7oW7A2WZYajOcv4FcDR4CfoGB0dPNfxbi4GO05RRnFmt5oa23+9w32EanrYcSJWspUiJkLMs+37w==",
      "dependencies": [
        "pako"
      ]
    },
    "util-deprecate@1.0.2": {
      "integrity": "sha512-EPD5q1uXyFxJpCrLnCc1nHnq3gOa6DZBocAIiI2TaSCA7VCJ1UJDMagCzIkXNsUYfD1daK//LTEQ8xiIbrHtcw=="
    },
    "webidl-conversions@3.0.1": {
      "integrity": "sha512-2JAn3z8AR6rjK8Sm8orRC0h/bcl/DqL7tRPdGZ4I1CjdF+EaMLmYxBHyXuKL849eucPFhvBoxMsflfOb8kxaeQ=="
    },
    "whatwg-fetch@3.6.20": {
      "integrity": "sha512-EqhiFU6daOA8kpjOWTL0olhVOF3i7OrFzSYiGsEMB8GcXS+RrzauAERX65xMeNWVqxA6HXH2m69Z9LaKKdisfg=="
    },
    "whatwg-url@5.0.0": {
      "integrity": "sha512-saE57nupxk6v3HY35+jzBwYa0rKSy0XR8JSxZPwgLr7ys0IBzhGviA1/TUGJLmSVqs8pb9AnvICXEuOHLprYTw==",
      "dependencies": [
        "tr46",
        "webidl-conversions"
      ]
    },
    "xhr@2.6.0": {
      "integrity": "sha512-/eCGLb5rxjx5e3mF1A7s+pLlR6CGyqWN91fv1JgER5mVWg1MZmlhBvy9kjcsOdRk8RrIujotWyJamfyrp+WIcA==",
      "dependencies": [
        "global",
        "is-function",
        "parse-headers",
        "xtend"
      ]
    },
    "xml-parse-from-string@1.0.1": {
      "integrity": "sha512-ErcKwJTF54uRzzNMXq2X5sMIy88zJvfN2DmdoQvy7PAFJ+tPRU6ydWuOKNMyfmOjdyBQTFREi60s0Y0SyI0G0g=="
    },
    "xml2js@0.4.23": {
      "integrity": "sha512-ySPiMjM0+pLDftHgXY4By0uswI3SPKLDw/i3UXbnO8M/p28zqexCUoPmQFrYD+/1BzhGJSs2i1ERWKJAtiLrug==",
      "dependencies": [
        "sax",
        "xmlbuilder"
      ]
    },
    "xmlbuilder@11.0.1": {
      "integrity": "sha512-fDlsI/kFEx7gLvbecc0/ohLG50fugQp8ryHzMTuW9vSa1GJ0XYWKnhsUx7oie3G98+r56aTQIUB4kht42R3JvA=="
    },
    "xtend@4.0.2": {
      "integrity": "sha512-LKYU1iAXJXUgAXn9URjiu+MWhyUXHsvfp7mcuYm9dSUKK0/CjtrUwFAxD82/mCWbtLsGjFIad0wIsod4zrTAEQ=="
    }
  },
  "remote": {
    "https://deno.land/std@0.106.0/encoding/base64.ts": "eecae390f1f1d1cae6f6c6d732ede5276bf4b9cd29b1d281678c054dc5cc009e",
    "https://deno.land/std@0.213.0/dotenv/load.ts": "587b342f0f6a3df071331fe6ba1c823729ab68f7d53805809475e486dd4161d7",
    "https://deno.land/std@0.213.0/dotenv/mod.ts": "46cc7a78cf3f7ba533c8c9b90407a365f925be332ebdc867a1f502614e3d8523",
    "https://deno.land/std@0.213.0/dotenv/parse.ts": "55d5d1a5ba76c1324e6dc2f2f7917f03c47e5da5c2c55af11fd0fe2d6a3d3a2e",
    "https://deno.land/std@0.213.0/dotenv/stringify.ts": "0047ad7068289735d08964046aea267a750c141b494ca0e38831b89be6c020c2",
    "https://deno.land/x/canvas@v1.4.1/deps.ts": "e956026d98094946166e06d7b799290b732db015813870d84e04e33ab88e98f3",
    "https://deno.land/x/canvas@v1.4.1/mod.ts": "a4e16972647ceafef58612a377a218372454c99d2c9da615a132694597114f80",
    "https://deno.land/x/canvas@v1.4.1/src/base64.ts": "0928031fdba0c43b617154fbe2eb7578366460c04da1422933ae5e936d3d0349",
    "https://deno.land/x/canvas@v1.4.1/src/canvas.ts": "58119999b04f68ebeed2627485c5c24c5b0c029707edde0b6568814f9049a3a8",
    "https://deno.land/x/canvas@v1.4.1/src/canvaskit.ts": "c3d807472cbb3e1d9fc01bb43ff974ef796c4b010178d1595be5fa793cce5e7d",
    "https://deno.land/x/canvas@v1.4.1/src/color_util.ts": "28f1072f0a5acbe7add7fac2f452311a47b44c080806fc4057de2d2e405c6c1c",
    "https://deno.land/x/canvas@v1.4.1/src/lib.js": "bb21711589bfbc8997b455cdf53e3150e23289f3b44809188041b1d2fc7924fa",
    "https://deno.land/x/canvas@v1.4.1/src/types.ts": "67d5800f8f4b0a407e0251676a03ae91b5f50a3ed53e6b72dc5984113cb93128",
    "https://deno.land/x/canvas@v1.4.1/src/wasm.js": "449d72cc14fc4142a5853f944df49a744d852981d09c5515528ede8aebb0afda",
    "https://deno.land/x/dir@1.5.1/data_local_dir/mod.ts": "91eb1c4bfadfbeda30171007bac6d85aadacd43224a5ed721bbe56bc64e9eb66",
    "https://deno.land/x/wasmbuild@0.15.6/loader/cache.ts": "362d03a2ceb3d3e130373102a5de6d54ffda659a0911c2fcc090c29c3555f7ef",
    "https://deno.land/x/wasmbuild@0.15.6/loader/fetch.ts": "7d015203a93cbadd05034cbb6e726d35f47e1f51140d91e69aeddc5d71b06ec8",
    "https://raw.githubusercontent.com/littledivy/jxa/main/run/mod.ts": "6706a04b14185f7d4a5020cb903599933c7455410439bc6bb448b0120cd5546f"
  },
  "workspace": {
    "dependencies": [
      "jsr:@divy/sdl2@0.13",
      "jsr:@loading/taffy@0.1.2"
    ]
  }
}
