{
  "version": "3",
  "packages": {
    "specifiers": {
      "jsr:@divy/sdl2@0.10.1": "jsr:@divy/sdl2@0.10.1",
      "jsr:@loading/taffy@0.1.2": "jsr:@loading/taffy@0.1.2"
    },
    "jsr": {
      "@divy/sdl2@0.10.1": {
        "integrity": "9129166ea9b3bd0c2bdb7619221635c0cec9b6489891933a61022219964ada7d"
      },
      "@loading/taffy@0.1.2": {
        "integrity": "e3102b2b8931730691bc434701d0bca92f38177342c3e9e21f09468b3eff1c11"
      }
    }
  },
  "remote": {
    "https://deno.land/std@0.106.0/encoding/base64.ts": "eecae390f1f1d1cae6f6c6d732ede5276bf4b9cd29b1d281678c054dc5cc009e",
    "https://deno.land/x/canvas@v1.4.1/deps.ts": "e956026d98094946166e06d7b799290b732db015813870d84e04e33ab88e98f3",
    "https://deno.land/x/canvas@v1.4.1/mod.ts": "a4e16972647ceafef58612a377a218372454c99d2c9da615a132694597114f80",
    "https://deno.land/x/canvas@v1.4.1/src/base64.ts": "0928031fdba0c43b617154fbe2eb7578366460c04da1422933ae5e936d3d0349",
    "https://deno.land/x/canvas@v1.4.1/src/canvas.ts": "58119999b04f68ebeed2627485c5c24c5b0c029707edde0b6568814f9049a3a8",
    "https://deno.land/x/canvas@v1.4.1/src/canvaskit.ts": "c3d807472cbb3e1d9fc01bb43ff974ef796c4b010178d1595be5fa793cce5e7d",
    "https://deno.land/x/canvas@v1.4.1/src/color_util.ts": "28f1072f0a5acbe7add7fac2f452311a47b44c080806fc4057de2d2e405c6c1c",
    "https://deno.land/x/canvas@v1.4.1/src/lib.js": "bb21711589bfbc8997b455cdf53e3150e23289f3b44809188041b1d2fc7924fa",
    "https://deno.land/x/canvas@v1.4.1/src/types.ts": "67d5800f8f4b0a407e0251676a03ae91b5f50a3ed53e6b72dc5984113cb93128",
    "https://deno.land/x/canvas@v1.4.1/src/wasm.js": "449d72cc14fc4142a5853f944df49a744d852981d09c5515528ede8aebb0afda",
    "https://deno.land/x/dir@1.5.1/data_local_dir/mod.ts": "91eb1c4bfadfbeda30171007bac6d85aadacd43224a5ed721bbe56bc64e9eb66",
    "https://deno.land/x/wasmbuild@0.15.6/loader/cache.ts": "362d03a2ceb3d3e130373102a5de6d54ffda659a0911c2fcc090c29c3555f7ef",
    "https://deno.land/x/wasmbuild@0.15.6/loader/fetch.ts": "7d015203a93cbadd05034cbb6e726d35f47e1f51140d91e69aeddc5d71b06ec8"
  },
  "workspace": {
    "dependencies": [
      "jsr:@divy/sdl2@0.10.1",
      "jsr:@loading/taffy@0.1.2"
    ]
  }
}
